
Microsoft Visual Studio Solution File, Format Version 12.00
# Visual Studio 2012
# SharpDevelop 5.1
VisualStudioVersion = 12.0.20827.3
MinimumVisualStudioVersion = 10.0.40219.1
Project("{FAE04EC0-301F-11D3-BF4B-00C04F79EFBC}") = "TinyEngima.Core", "TinyEngima.Core\TinyEngima.Core.csproj", "{2BB2E26D-9714-4D6F-AF05-0503DB314D66}"
EndProject
Project("{FAE04EC0-301F-11D3-BF4B-00C04F79EFBC}") = "TinyEngima.WinForms", "TinyEngima.WinForms\TinyEngima.WinForms.csproj", "{71512903-086B-4824-879B-7912D00DE99F}"
EndProject
Global
	GlobalSection(SolutionConfigurationPlatforms) = preSolution
		Debug|Any CPU = Debug|Any CPU
		Release|Any CPU = Release|Any CPU
	EndGlobalSection
	GlobalSection(ProjectConfigurationPlatforms) = postSolution
		{2BB2E26D-9714-4D6F-AF05-0503DB314D66}.Debug|Any CPU.ActiveCfg = Debug|Any CPU
		{2BB2E26D-9714-4D6F-AF05-0503DB314D66}.Debug|Any CPU.Build.0 = Debug|Any CPU
		{2BB2E26D-9714-4D6F-AF05-0503DB314D66}.Release|Any CPU.ActiveCfg = Release|Any CPU
		{2BB2E26D-9714-4D6F-AF05-0503DB314D66}.Release|Any CPU.Build.0 = Release|Any CPU
		{71512903-086B-4824-879B-7912D00DE99F}.Debug|Any CPU.ActiveCfg = Debug|Any CPU
		{71512903-086B-4824-879B-7912D00DE99F}.Debug|Any CPU.Build.0 = Debug|Any CPU
		{71512903-086B-4824-879B-7912D00DE99F}.Release|Any CPU.ActiveCfg = Release|Any CPU
		{71512903-086B-4824-879B-7912D00DE99F}.Release|Any CPU.Build.0 = Release|Any CPU
	EndGlobalSection
EndGlobal
